
Microsoft Visual Studio Solution File, Format Version 12.00
# Visual Studio Version 16
VisualStudioVersion = 16.0.30524.135
MinimumVisualStudioVersion = 10.0.40219.1
Project("{2150E333-8FDC-42A3-9474-1A3956D46DE8}") = "Test", "Test", "{944FD59E-5C95-408C-A692-AED5EE68362A}"
EndProject
Project("{9A19103F-16F7-4668-BE54-9A1E7A4F7556}") = "Olbrasoft.Dispatching.Dynamic.DependencyInjection.Microsoft.Tests", "test\Olbrasoft.Dispatching.Dynamic.DependencyInjection.Microsoft.Tests\Olbrasoft.Dispatching.Dynamic.DependencyInjection.Microsoft.Tests.csproj", "{079B36FD-699F-4479-957B-56FD06CCF4F0}"
EndProject
Project("{9A19103F-16F7-4668-BE54-9A1E7A4F7556}") = "Olbrasoft.Dispatching.Dynamic.DependencyInjection.Microsoft", "src\Olbrasoft.Dispatching.Dynamic.DependencyInjection.Microsoft\Olbrasoft.Dispatching.Dynamic.DependencyInjection.Microsoft.csproj", "{FB89D25C-13A3-4FF4-96EA-E178F260C93E}"
EndProject
Project("{9A19103F-16F7-4668-BE54-9A1E7A4F7556}") = "Olbrasoft.Dispatching.Benchmarks", "test\Olbrasoft.Dispatching.Benchmarks\Olbrasoft.Dispatching.Benchmarks.csproj", "{54CFCC24-33EC-46B7-9F2F-DB8DC30986F7}"
EndProject
Project("{9A19103F-16F7-4668-BE54-9A1E7A4F7556}") = "Olbrasoft.Dispatching.Common", "src\Olbrasoft.Dispatching.Common\Olbrasoft.Dispatching.Common.csproj", "{40EBA729-BFBF-425D-8D8A-0A6AC58889D2}"
EndProject
Project("{9A19103F-16F7-4668-BE54-9A1E7A4F7556}") = "Olbrasoft.Dispatching.Common.Tests", "test\Olbrasoft.Dispatching.Common.Tests\Olbrasoft.Dispatching.Common.Tests.csproj", "{5AA6E521-51B2-4B52-BA7F-12171F495BF4}"
EndProject
Project("{2150E333-8FDC-42A3-9474-1A3956D46DE8}") = "Solution Items", "Solution Items", "{48643814-EB24-485A-9F37-B1703741055D}"
	ProjectSection(SolutionItems) = preProject
		README.md = README.md
	EndProjectSection
EndProject
Project("{9A19103F-16F7-4668-BE54-9A1E7A4F7556}") = "Olbrasoft.Dispatching.Dynamic", "src\Olbrasoft.Dispatching.Dynamic\Olbrasoft.Dispatching.Dynamic.csproj", "{47AD61E8-EC4A-4EAF-A2F1-1F6C977974A0}"
EndProject
Project("{9A19103F-16F7-4668-BE54-9A1E7A4F7556}") = "Olbrasoft.Dispatching.WithExecutor", "src\Olbrasoft.Dispatching.WithExecutor\Olbrasoft.Dispatching.WithExecutor.csproj", "{68BBB0B8-2B66-426E-A822-AF55739B97CE}"
EndProject
Project("{9A19103F-16F7-4668-BE54-9A1E7A4F7556}") = "Olbrasoft.Dispatching.WithExecutor.Tests", "test\Olbrasoft.Dispatching.WithExecutor.Tests\Olbrasoft.Dispatching.WithExecutor.Tests.csproj", "{92CB4563-FD60-4A4D-ADF8-0E010139F7D8}"
EndProject
Project("{9A19103F-16F7-4668-BE54-9A1E7A4F7556}") = "Olbrasoft.Dispatching.Dynamic.Tests", "test\Olbrasoft.Dispatching.Dynamic.Tests\Olbrasoft.Dispatching.Dynamic.Tests.csproj", "{C57F77C9-5987-46F6-9E0C-F6B8D4BEF6F7}"
EndProject
Project("{9A19103F-16F7-4668-BE54-9A1E7A4F7556}") = "Olbrasoft.Dispatching.DependencyInjection", "src\Olbrasoft.Dispatching.DependencyInjection\Olbrasoft.Dispatching.DependencyInjection.csproj", "{1620A0E4-554C-4DC4-9AE7-7A2F9665B9B6}"
EndProject
Project("{9A19103F-16F7-4668-BE54-9A1E7A4F7556}") = "Olbrasoft.Dispatching.DependencyInjection.Tests", "test\Olbrasoft.Dispatching.DependencyInjection.Tests\Olbrasoft.Dispatching.DependencyInjection.Tests.csproj", "{94A1391A-75C1-4298-B812-F5E93C6B7AE1}"
EndProject
Global
	GlobalSection(SolutionConfigurationPlatforms) = preSolution
		Debug|Any CPU = Debug|Any CPU
		Release|Any CPU = Release|Any CPU
	EndGlobalSection
	GlobalSection(ProjectConfigurationPlatforms) = postSolution
		{079B36FD-699F-4479-957B-56FD06CCF4F0}.Debug|Any CPU.ActiveCfg = Debug|Any CPU
		{079B36FD-699F-4479-957B-56FD06CCF4F0}.Debug|Any CPU.Build.0 = Debug|Any CPU
		{079B36FD-699F-4479-957B-56FD06CCF4F0}.Release|Any CPU.ActiveCfg = Release|Any CPU
		{079B36FD-699F-4479-957B-56FD06CCF4F0}.Release|Any CPU.Build.0 = Release|Any CPU
		{FB89D25C-13A3-4FF4-96EA-E178F260C93E}.Debug|Any CPU.ActiveCfg = Release|Any CPU
		{FB89D25C-13A3-4FF4-96EA-E178F260C93E}.Debug|Any CPU.Build.0 = Release|Any CPU
		{FB89D25C-13A3-4FF4-96EA-E178F260C93E}.Release|Any CPU.ActiveCfg = Release|Any CPU
		{FB89D25C-13A3-4FF4-96EA-E178F260C93E}.Release|Any CPU.Build.0 = Release|Any CPU
		{54CFCC24-33EC-46B7-9F2F-DB8DC30986F7}.Debug|Any CPU.ActiveCfg = Debug|Any CPU
		{54CFCC24-33EC-46B7-9F2F-DB8DC30986F7}.Debug|Any CPU.Build.0 = Debug|Any CPU
		{54CFCC24-33EC-46B7-9F2F-DB8DC30986F7}.Release|Any CPU.ActiveCfg = Release|Any CPU
		{54CFCC24-33EC-46B7-9F2F-DB8DC30986F7}.Release|Any CPU.Build.0 = Release|Any CPU
		{40EBA729-BFBF-425D-8D8A-0A6AC58889D2}.Debug|Any CPU.ActiveCfg = Release|Any CPU
		{40EBA729-BFBF-425D-8D8A-0A6AC58889D2}.Debug|Any CPU.Build.0 = Release|Any CPU
		{40EBA729-BFBF-425D-8D8A-0A6AC58889D2}.Release|Any CPU.ActiveCfg = Release|Any CPU
		{40EBA729-BFBF-425D-8D8A-0A6AC58889D2}.Release|Any CPU.Build.0 = Release|Any CPU
		{5AA6E521-51B2-4B52-BA7F-12171F495BF4}.Debug|Any CPU.ActiveCfg = Debug|Any CPU
		{5AA6E521-51B2-4B52-BA7F-12171F495BF4}.Debug|Any CPU.Build.0 = Debug|Any CPU
		{5AA6E521-51B2-4B52-BA7F-12171F495BF4}.Release|Any CPU.ActiveCfg = Release|Any CPU
		{5AA6E521-51B2-4B52-BA7F-12171F495BF4}.Release|Any CPU.Build.0 = Release|Any CPU
		{47AD61E8-EC4A-4EAF-A2F1-1F6C977974A0}.Debug|Any CPU.ActiveCfg = Release|Any CPU
		{47AD61E8-EC4A-4EAF-A2F1-1F6C977974A0}.Debug|Any CPU.Build.0 = Release|Any CPU
		{47AD61E8-EC4A-4EAF-A2F1-1F6C977974A0}.Release|Any CPU.ActiveCfg = Release|Any CPU
		{47AD61E8-EC4A-4EAF-A2F1-1F6C977974A0}.Release|Any CPU.Build.0 = Release|Any CPU
		{68BBB0B8-2B66-426E-A822-AF55739B97CE}.Debug|Any CPU.ActiveCfg = Release|Any CPU
		{68BBB0B8-2B66-426E-A822-AF55739B97CE}.Debug|Any CPU.Build.0 = Release|Any CPU
		{68BBB0B8-2B66-426E-A822-AF55739B97CE}.Release|Any CPU.ActiveCfg = Release|Any CPU
		{68BBB0B8-2B66-426E-A822-AF55739B97CE}.Release|Any CPU.Build.0 = Release|Any CPU
		{92CB4563-FD60-4A4D-ADF8-0E010139F7D8}.Debug|Any CPU.ActiveCfg = Debug|Any CPU
		{92CB4563-FD60-4A4D-ADF8-0E010139F7D8}.Debug|Any CPU.Build.0 = Debug|Any CPU
		{92CB4563-FD60-4A4D-ADF8-0E010139F7D8}.Release|Any CPU.ActiveCfg = Release|Any CPU
		{92CB4563-FD60-4A4D-ADF8-0E010139F7D8}.Release|Any CPU.Build.0 = Release|Any CPU
		{C57F77C9-5987-46F6-9E0C-F6B8D4BEF6F7}.Debug|Any CPU.ActiveCfg = Debug|Any CPU
		{C57F77C9-5987-46F6-9E0C-F6B8D4BEF6F7}.Debug|Any CPU.Build.0 = Debug|Any CPU
		{C57F77C9-5987-46F6-9E0C-F6B8D4BEF6F7}.Release|Any CPU.ActiveCfg = Release|Any CPU
		{C57F77C9-5987-46F6-9E0C-F6B8D4BEF6F7}.Release|Any CPU.Build.0 = Release|Any CPU
		{1620A0E4-554C-4DC4-9AE7-7A2F9665B9B6}.Debug|Any CPU.ActiveCfg = Debug|Any CPU
		{1620A0E4-554C-4DC4-9AE7-7A2F9665B9B6}.Debug|Any CPU.Build.0 = Debug|Any CPU
		{1620A0E4-554C-4DC4-9AE7-7A2F9665B9B6}.Release|Any CPU.ActiveCfg = Release|Any CPU
		{1620A0E4-554C-4DC4-9AE7-7A2F9665B9B6}.Release|Any CPU.Build.0 = Release|Any CPU
		{94A1391A-75C1-4298-B812-F5E93C6B7AE1}.Debug|Any CPU.ActiveCfg = Debug|Any CPU
		{94A1391A-75C1-4298-B812-F5E93C6B7AE1}.Debug|Any CPU.Build.0 = Debug|Any CPU
		{94A1391A-75C1-4298-B812-F5E93C6B7AE1}.Release|Any CPU.ActiveCfg = Release|Any CPU
		{94A1391A-75C1-4298-B812-F5E93C6B7AE1}.Release|Any CPU.Build.0 = Release|Any CPU
	EndGlobalSection
	GlobalSection(SolutionProperties) = preSolution
		HideSolutionNode = FALSE
	EndGlobalSection
	GlobalSection(NestedProjects) = preSolution
		{079B36FD-699F-4479-957B-56FD06CCF4F0} = {944FD59E-5C95-408C-A692-AED5EE68362A}
		{54CFCC24-33EC-46B7-9F2F-DB8DC30986F7} = {944FD59E-5C95-408C-A692-AED5EE68362A}
		{5AA6E521-51B2-4B52-BA7F-12171F495BF4} = {944FD59E-5C95-408C-A692-AED5EE68362A}
		{92CB4563-FD60-4A4D-ADF8-0E010139F7D8} = {944FD59E-5C95-408C-A692-AED5EE68362A}
		{C57F77C9-5987-46F6-9E0C-F6B8D4BEF6F7} = {944FD59E-5C95-408C-A692-AED5EE68362A}
		{94A1391A-75C1-4298-B812-F5E93C6B7AE1} = {944FD59E-5C95-408C-A692-AED5EE68362A}
	EndGlobalSection
	GlobalSection(ExtensibilityGlobals) = postSolution
		SolutionGuid = {966C9668-6EA7-4CA2-9864-B9FF68226710}
	EndGlobalSection
EndGlobal
