
Microsoft Visual Studio Solution File, Format Version 12.00
# Visual Studio Version 16
VisualStudioVersion = 16.0.31624.102
MinimumVisualStudioVersion = 10.0.40219.1
Project("{9A19103F-16F7-4668-BE54-9A1E7A4F7556}") = "Dispatching.Abstractions", "src\Dispatching.Abstractions\Dispatching.Abstractions.csproj", "{05B0DDCA-282F-4AF6-830A-DDB99AE805E2}"
EndProject
Project("{9A19103F-16F7-4668-BE54-9A1E7A4F7556}") = "Dispatching.Abstractions.Tests", "test\Dispatching.Abstractions.Tests\Dispatching.Abstractions.Tests.csproj", "{4A9AB93F-D76C-49A3-BC57-4E589D4F4C96}"
EndProject
Project("{9A19103F-16F7-4668-BE54-9A1E7A4F7556}") = "Dispatching.Dynamic.Tests", "test\Dispatching.Dynamic.Tests\Dispatching.Dynamic.Tests.csproj", "{5F55DCAC-35DA-4BFD-8643-813878D8122C}"
EndProject
Project("{9A19103F-16F7-4668-BE54-9A1E7A4F7556}") = "Dispatching.Dynamic", "src\Dispatching.Dynamic\Dispatching.Dynamic.csproj", "{CEA34E9C-10B1-4621-B3A1-10194BBE1D79}"
EndProject
Global
	GlobalSection(SolutionConfigurationPlatforms) = preSolution
		Debug|Any CPU = Debug|Any CPU
		Release|Any CPU = Release|Any CPU
	EndGlobalSection
	GlobalSection(ProjectConfigurationPlatforms) = postSolution
		{05B0DDCA-282F-4AF6-830A-DDB99AE805E2}.Debug|Any CPU.ActiveCfg = Debug|Any CPU
		{05B0DDCA-282F-4AF6-830A-DDB99AE805E2}.Debug|Any CPU.Build.0 = Debug|Any CPU
		{05B0DDCA-282F-4AF6-830A-DDB99AE805E2}.Release|Any CPU.ActiveCfg = Release|Any CPU
		{05B0DDCA-282F-4AF6-830A-DDB99AE805E2}.Release|Any CPU.Build.0 = Release|Any CPU
		{4A9AB93F-D76C-49A3-BC57-4E589D4F4C96}.Debug|Any CPU.ActiveCfg = Debug|Any CPU
		{4A9AB93F-D76C-49A3-BC57-4E589D4F4C96}.Debug|Any CPU.Build.0 = Debug|Any CPU
		{4A9AB93F-D76C-49A3-BC57-4E589D4F4C96}.Release|Any CPU.ActiveCfg = Release|Any CPU
		{4A9AB93F-D76C-49A3-BC57-4E589D4F4C96}.Release|Any CPU.Build.0 = Release|Any CPU
		{5F55DCAC-35DA-4BFD-8643-813878D8122C}.Debug|Any CPU.ActiveCfg = Debug|Any CPU
		{5F55DCAC-35DA-4BFD-8643-813878D8122C}.Debug|Any CPU.Build.0 = Debug|Any CPU
		{5F55DCAC-35DA-4BFD-8643-813878D8122C}.Release|Any CPU.ActiveCfg = Release|Any CPU
		{5F55DCAC-35DA-4BFD-8643-813878D8122C}.Release|Any CPU.Build.0 = Release|Any CPU
		{CEA34E9C-10B1-4621-B3A1-10194BBE1D79}.Debug|Any CPU.ActiveCfg = Debug|Any CPU
		{CEA34E9C-10B1-4621-B3A1-10194BBE1D79}.Debug|Any CPU.Build.0 = Debug|Any CPU
		{CEA34E9C-10B1-4621-B3A1-10194BBE1D79}.Release|Any CPU.ActiveCfg = Release|Any CPU
		{CEA34E9C-10B1-4621-B3A1-10194BBE1D79}.Release|Any CPU.Build.0 = Release|Any CPU
	EndGlobalSection
	GlobalSection(SolutionProperties) = preSolution
		HideSolutionNode = FALSE
	EndGlobalSection
	GlobalSection(ExtensibilityGlobals) = postSolution
		SolutionGuid = {09336421-430E-4231-9ABB-835ACAC30FE8}
	EndGlobalSection
EndGlobal
