
Microsoft Visual Studio Solution File, Format Version 12.00
# Visual Studio Version 17
VisualStudioVersion = 17.10.35027.167
MinimumVisualStudioVersion = 10.0.40219.1
Project("{2150E333-8FDC-42A3-9474-1A3956D46DE8}") = "Test", "Test", "{944FD59E-5C95-408C-A692-AED5EE68362A}"
EndProject
Project("{2150E333-8FDC-42A3-9474-1A3956D46DE8}") = "Solution Items", "Solution Items", "{48643814-EB24-485A-9F37-B1703741055D}"
	ProjectSection(SolutionItems) = preProject
		.editorconfig = .editorconfig
		Directory.Build.props = Directory.Build.props
		README.md = README.md
	EndProjectSection
EndProject
Project("{9A19103F-16F7-4668-BE54-9A1E7A4F7556}") = "Dispatching.Abstractions.Tests", "test\Dispatching.Abstractions.Tests\Dispatching.Abstractions.Tests.csproj", "{1DBB4803-F30C-444A-A345-335CB7FA39B0}"
EndProject
Project("{9A19103F-16F7-4668-BE54-9A1E7A4F7556}") = "Dispatching.Abstractions", "src\Dispatching.Abstractions\Dispatching.Abstractions.csproj", "{08D742CD-DA1D-426F-9FFC-BEFB3E03E370}"
EndProject
Project("{9A19103F-16F7-4668-BE54-9A1E7A4F7556}") = "Dispatching.Tests", "test\Dispatching.Tests\Dispatching.Tests.csproj", "{6619AA68-5489-4C6E-A7A4-C88D3919696D}"
EndProject
Project("{9A19103F-16F7-4668-BE54-9A1E7A4F7556}") = "Dispatching.DI.Common.Tests", "test\Dispatching.DI.Common.Tests\Dispatching.DI.Common.Tests.csproj", "{8897C3DD-4C4A-40B1-98DA-E5480EA82D96}"
EndProject
Project("{9A19103F-16F7-4668-BE54-9A1E7A4F7556}") = "Dispatching.DI.Common", "src\Dispatching.DI.Common\Dispatching.DI.Common.csproj", "{95243A35-98E0-422D-A1AD-438D9F0CF131}"
EndProject
Project("{9A19103F-16F7-4668-BE54-9A1E7A4F7556}") = "Dispatching.DI.Microsoft.Common.Tests", "test\Dispatching.DI.Microsoft.Common.Tests\Dispatching.DI.Microsoft.Common.Tests.csproj", "{1BDABC47-C8A3-49B8-945B-307BD60A5D10}"
EndProject
Project("{9A19103F-16F7-4668-BE54-9A1E7A4F7556}") = "Dispatching.DI.Microsoft.Common", "src\Dispatching.DI.Microsoft.Common\Dispatching.DI.Microsoft.Common.csproj", "{6FBA8FEC-EFEE-4E4C-AC22-11DA2851BF9D}"
EndProject
Project("{9A19103F-16F7-4668-BE54-9A1E7A4F7556}") = "Dispatching.DI.Microsoft.Tests", "test\Dispatching.DI.Microsoft.Tests\Dispatching.DI.Microsoft.Tests.csproj", "{7A4F2F64-657C-4751-9BEC-8EB4D14F3483}"
EndProject
Project("{9A19103F-16F7-4668-BE54-9A1E7A4F7556}") = "Dispatching.DI.Microsoft", "src\Dispatching.DI.Microsoft\Dispatching.DI.Microsoft.csproj", "{204FC65E-22D6-4119-B7B5-3F4AEBFE6154}"
EndProject
Project("{9A19103F-16F7-4668-BE54-9A1E7A4F7556}") = "Dispatching.DI.Grace.Common.Tests", "test\Dispatching.DI.Grace.Common.Tests\Dispatching.DI.Grace.Common.Tests.csproj", "{69E95E92-40BD-4AC5-8C5E-66B414827820}"
EndProject
Project("{9A19103F-16F7-4668-BE54-9A1E7A4F7556}") = "Dispatching.DI.Grace.Common", "src\Dispatching.DI.Grace.Common\Dispatching.DI.Grace.Common.csproj", "{AED7277A-AEB9-48C6-B70D-B1B9FA3430CE}"
EndProject
Project("{9A19103F-16F7-4668-BE54-9A1E7A4F7556}") = "Dispatching.DI.Grace.Tests", "test\Dispatching.DI.Grace.Tests\Dispatching.DI.Grace.Tests.csproj", "{5DE4ECEF-5A2B-48E6-A23D-F8E407B0CC16}"
EndProject
Project("{9A19103F-16F7-4668-BE54-9A1E7A4F7556}") = "Dispatching.DI.Grace", "src\Dispatching.DI.Grace\Dispatching.DI.Grace.csproj", "{7AFA2645-739C-4904-BD00-26E3A2A52FA6}"
EndProject
Project("{9A19103F-16F7-4668-BE54-9A1E7A4F7556}") = "Dispatching", "src\Dispatching\Dispatching.csproj", "{8AB5D4F2-91A3-416D-85D0-FB5E7A26751F}"
EndProject
Project("{9A19103F-16F7-4668-BE54-9A1E7A4F7556}") = "Dispatching.Benchmarks", "test\Dispatching.Benchmarks\Dispatching.Benchmarks.csproj", "{D7AC8517-BC17-40C1-B78C-DA8ED6D34C57}"
EndProject
Global
	GlobalSection(SolutionConfigurationPlatforms) = preSolution
		Debug|Any CPU = Debug|Any CPU
		Release|Any CPU = Release|Any CPU
	EndGlobalSection
	GlobalSection(ProjectConfigurationPlatforms) = postSolution
		{1DBB4803-F30C-444A-A345-335CB7FA39B0}.Debug|Any CPU.ActiveCfg = Debug|Any CPU
		{1DBB4803-F30C-444A-A345-335CB7FA39B0}.Debug|Any CPU.Build.0 = Debug|Any CPU
		{1DBB4803-F30C-444A-A345-335CB7FA39B0}.Release|Any CPU.ActiveCfg = Release|Any CPU
		{1DBB4803-F30C-444A-A345-335CB7FA39B0}.Release|Any CPU.Build.0 = Release|Any CPU
		{08D742CD-DA1D-426F-9FFC-BEFB3E03E370}.Debug|Any CPU.ActiveCfg = Debug|Any CPU
		{08D742CD-DA1D-426F-9FFC-BEFB3E03E370}.Debug|Any CPU.Build.0 = Debug|Any CPU
		{08D742CD-DA1D-426F-9FFC-BEFB3E03E370}.Release|Any CPU.ActiveCfg = Release|Any CPU
		{08D742CD-DA1D-426F-9FFC-BEFB3E03E370}.Release|Any CPU.Build.0 = Release|Any CPU
		{6619AA68-5489-4C6E-A7A4-C88D3919696D}.Debug|Any CPU.ActiveCfg = Debug|Any CPU
		{6619AA68-5489-4C6E-A7A4-C88D3919696D}.Debug|Any CPU.Build.0 = Debug|Any CPU
		{6619AA68-5489-4C6E-A7A4-C88D3919696D}.Release|Any CPU.ActiveCfg = Release|Any CPU
		{6619AA68-5489-4C6E-A7A4-C88D3919696D}.Release|Any CPU.Build.0 = Release|Any CPU
		{8897C3DD-4C4A-40B1-98DA-E5480EA82D96}.Debug|Any CPU.ActiveCfg = Debug|Any CPU
		{8897C3DD-4C4A-40B1-98DA-E5480EA82D96}.Debug|Any CPU.Build.0 = Debug|Any CPU
		{8897C3DD-4C4A-40B1-98DA-E5480EA82D96}.Release|Any CPU.ActiveCfg = Release|Any CPU
		{8897C3DD-4C4A-40B1-98DA-E5480EA82D96}.Release|Any CPU.Build.0 = Release|Any CPU
		{95243A35-98E0-422D-A1AD-438D9F0CF131}.Debug|Any CPU.ActiveCfg = Release|Any CPU
		{95243A35-98E0-422D-A1AD-438D9F0CF131}.Debug|Any CPU.Build.0 = Release|Any CPU
		{95243A35-98E0-422D-A1AD-438D9F0CF131}.Release|Any CPU.ActiveCfg = Release|Any CPU
		{95243A35-98E0-422D-A1AD-438D9F0CF131}.Release|Any CPU.Build.0 = Release|Any CPU
		{1BDABC47-C8A3-49B8-945B-307BD60A5D10}.Debug|Any CPU.ActiveCfg = Debug|Any CPU
		{1BDABC47-C8A3-49B8-945B-307BD60A5D10}.Debug|Any CPU.Build.0 = Debug|Any CPU
		{1BDABC47-C8A3-49B8-945B-307BD60A5D10}.Release|Any CPU.ActiveCfg = Release|Any CPU
		{1BDABC47-C8A3-49B8-945B-307BD60A5D10}.Release|Any CPU.Build.0 = Release|Any CPU
		{6FBA8FEC-EFEE-4E4C-AC22-11DA2851BF9D}.Debug|Any CPU.ActiveCfg = Release|Any CPU
		{6FBA8FEC-EFEE-4E4C-AC22-11DA2851BF9D}.Debug|Any CPU.Build.0 = Release|Any CPU
		{6FBA8FEC-EFEE-4E4C-AC22-11DA2851BF9D}.Release|Any CPU.ActiveCfg = Release|Any CPU
		{6FBA8FEC-EFEE-4E4C-AC22-11DA2851BF9D}.Release|Any CPU.Build.0 = Release|Any CPU
		{7A4F2F64-657C-4751-9BEC-8EB4D14F3483}.Debug|Any CPU.ActiveCfg = Debug|Any CPU
		{7A4F2F64-657C-4751-9BEC-8EB4D14F3483}.Debug|Any CPU.Build.0 = Debug|Any CPU
		{7A4F2F64-657C-4751-9BEC-8EB4D14F3483}.Release|Any CPU.ActiveCfg = Release|Any CPU
		{7A4F2F64-657C-4751-9BEC-8EB4D14F3483}.Release|Any CPU.Build.0 = Release|Any CPU
		{204FC65E-22D6-4119-B7B5-3F4AEBFE6154}.Debug|Any CPU.ActiveCfg = Release|Any CPU
		{204FC65E-22D6-4119-B7B5-3F4AEBFE6154}.Debug|Any CPU.Build.0 = Release|Any CPU
		{204FC65E-22D6-4119-B7B5-3F4AEBFE6154}.Release|Any CPU.ActiveCfg = Release|Any CPU
		{204FC65E-22D6-4119-B7B5-3F4AEBFE6154}.Release|Any CPU.Build.0 = Release|Any CPU
		{69E95E92-40BD-4AC5-8C5E-66B414827820}.Debug|Any CPU.ActiveCfg = Debug|Any CPU
		{69E95E92-40BD-4AC5-8C5E-66B414827820}.Debug|Any CPU.Build.0 = Debug|Any CPU
		{69E95E92-40BD-4AC5-8C5E-66B414827820}.Release|Any CPU.ActiveCfg = Release|Any CPU
		{69E95E92-40BD-4AC5-8C5E-66B414827820}.Release|Any CPU.Build.0 = Release|Any CPU
		{AED7277A-AEB9-48C6-B70D-B1B9FA3430CE}.Debug|Any CPU.ActiveCfg = Release|Any CPU
		{AED7277A-AEB9-48C6-B70D-B1B9FA3430CE}.Debug|Any CPU.Build.0 = Release|Any CPU
		{AED7277A-AEB9-48C6-B70D-B1B9FA3430CE}.Release|Any CPU.ActiveCfg = Release|Any CPU
		{AED7277A-AEB9-48C6-B70D-B1B9FA3430CE}.Release|Any CPU.Build.0 = Release|Any CPU
		{5DE4ECEF-5A2B-48E6-A23D-F8E407B0CC16}.Debug|Any CPU.ActiveCfg = Debug|Any CPU
		{5DE4ECEF-5A2B-48E6-A23D-F8E407B0CC16}.Debug|Any CPU.Build.0 = Debug|Any CPU
		{5DE4ECEF-5A2B-48E6-A23D-F8E407B0CC16}.Release|Any CPU.ActiveCfg = Release|Any CPU
		{5DE4ECEF-5A2B-48E6-A23D-F8E407B0CC16}.Release|Any CPU.Build.0 = Release|Any CPU
		{7AFA2645-739C-4904-BD00-26E3A2A52FA6}.Debug|Any CPU.ActiveCfg = Release|Any CPU
		{7AFA2645-739C-4904-BD00-26E3A2A52FA6}.Debug|Any CPU.Build.0 = Release|Any CPU
		{7AFA2645-739C-4904-BD00-26E3A2A52FA6}.Release|Any CPU.ActiveCfg = Release|Any CPU
		{7AFA2645-739C-4904-BD00-26E3A2A52FA6}.Release|Any CPU.Build.0 = Release|Any CPU
		{8AB5D4F2-91A3-416D-85D0-FB5E7A26751F}.Debug|Any CPU.ActiveCfg = Debug|Any CPU
		{8AB5D4F2-91A3-416D-85D0-FB5E7A26751F}.Debug|Any CPU.Build.0 = Debug|Any CPU
		{8AB5D4F2-91A3-416D-85D0-FB5E7A26751F}.Release|Any CPU.ActiveCfg = Release|Any CPU
		{8AB5D4F2-91A3-416D-85D0-FB5E7A26751F}.Release|Any CPU.Build.0 = Release|Any CPU
		{D7AC8517-BC17-40C1-B78C-DA8ED6D34C57}.Debug|Any CPU.ActiveCfg = Debug|Any CPU
		{D7AC8517-BC17-40C1-B78C-DA8ED6D34C57}.Debug|Any CPU.Build.0 = Debug|Any CPU
		{D7AC8517-BC17-40C1-B78C-DA8ED6D34C57}.Release|Any CPU.ActiveCfg = Release|Any CPU
		{D7AC8517-BC17-40C1-B78C-DA8ED6D34C57}.Release|Any CPU.Build.0 = Release|Any CPU
	EndGlobalSection
	GlobalSection(SolutionProperties) = preSolution
		HideSolutionNode = FALSE
	EndGlobalSection
	GlobalSection(NestedProjects) = preSolution
		{1DBB4803-F30C-444A-A345-335CB7FA39B0} = {944FD59E-5C95-408C-A692-AED5EE68362A}
		{6619AA68-5489-4C6E-A7A4-C88D3919696D} = {944FD59E-5C95-408C-A692-AED5EE68362A}
		{8897C3DD-4C4A-40B1-98DA-E5480EA82D96} = {944FD59E-5C95-408C-A692-AED5EE68362A}
		{1BDABC47-C8A3-49B8-945B-307BD60A5D10} = {944FD59E-5C95-408C-A692-AED5EE68362A}
		{7A4F2F64-657C-4751-9BEC-8EB4D14F3483} = {944FD59E-5C95-408C-A692-AED5EE68362A}
		{69E95E92-40BD-4AC5-8C5E-66B414827820} = {944FD59E-5C95-408C-A692-AED5EE68362A}
		{5DE4ECEF-5A2B-48E6-A23D-F8E407B0CC16} = {944FD59E-5C95-408C-A692-AED5EE68362A}
		{D7AC8517-BC17-40C1-B78C-DA8ED6D34C57} = {944FD59E-5C95-408C-A692-AED5EE68362A}
	EndGlobalSection
	GlobalSection(ExtensibilityGlobals) = postSolution
		SolutionGuid = {966C9668-6EA7-4CA2-9864-B9FF68226710}
	EndGlobalSection
EndGlobal
